
Microsoft Visual Studio Solution File, Format Version 12.00
# Visual Studio Version 16
VisualStudioVersion = 16.0.29311.281
MinimumVisualStudioVersion = 10.0.40219.1
Project("{FAE04EC0-301F-11D3-BF4B-00C04F79EFBC}") = "Wishlist", "Wishlist\Wishlist.csproj", "{2D24E2D9-E0A7-4035-842B-992926922E33}"
EndProject
Global
	GlobalSection(SolutionConfigurationPlatforms) = preSolution
		Debug|Any CPU = Debug|Any CPU
		Release|Any CPU = Release|Any CPU
	EndGlobalSection
	GlobalSection(ProjectConfigurationPlatforms) = postSolution
		{2D24E2D9-E0A7-4035-842B-992926922E33}.Debug|Any CPU.ActiveCfg = Debug|Any CPU
		{2D24E2D9-E0A7-4035-842B-992926922E33}.Debug|Any CPU.Build.0 = Debug|Any CPU
		{2D24E2D9-E0A7-4035-842B-992926922E33}.Release|Any CPU.ActiveCfg = Release|Any CPU
		{2D24E2D9-E0A7-4035-842B-992926922E33}.Release|Any CPU.Build.0 = Release|Any CPU
	EndGlobalSection
	GlobalSection(SolutionProperties) = preSolution
		HideSolutionNode = FALSE
	EndGlobalSection
	GlobalSection(ExtensibilityGlobals) = postSolution
		SolutionGuid = {FE812BD4-00AA-4856-9EB6-379D9DA777E9}
	EndGlobalSection
EndGlobal
